
Microsoft Visual Studio Solution File, Format Version 12.00
# Visual Studio Version 17
VisualStudioVersion = 17.14.36616.10 d17.14
MinimumVisualStudioVersion = 10.0.40219.1
Project("{FAE04EC0-301F-11D3-BF4B-00C04F79EFBC}") = "LabApp.WPF", "LabApp\LabApp.WPF.csproj", "{ED43CA74-9004-4D55-B499-40E4F8979EFC}"
	ProjectSection(ProjectDependencies) = postProject
		{57BBBA4C-1FBC-420B-BDF1-3712F8C4B420} = {57BBBA4C-1FBC-420B-BDF1-3712F8C4B420}
		{971C6BE5-31A5-4424-BE29-5129E100636B} = {971C6BE5-31A5-4424-BE29-5129E100636B}
		{F2A0A60E-9FCD-4D2F-89CA-4CE7A46C685D} = {F2A0A60E-9FCD-4D2F-89CA-4CE7A46C685D}
	EndProjectSection
EndProject
Project("{FAE04EC0-301F-11D3-BF4B-00C04F79EFBC}") = "LabApp.Domain", "LabApp.Domain\LabApp.Domain.csproj", "{F2A0A60E-9FCD-4D2F-89CA-4CE7A46C685D}"
EndProject
Project("{FAE04EC0-301F-11D3-BF4B-00C04F79EFBC}") = "LabApp.Application", "LabApp.Application\LabApp.Application.csproj", "{57BBBA4C-1FBC-420B-BDF1-3712F8C4B420}"
EndProject
Project("{FAE04EC0-301F-11D3-BF4B-00C04F79EFBC}") = "LabApp.Infrustructure", "LabApp.Infrustructure\LabApp.Infrustructure.csproj", "{971C6BE5-31A5-4424-BE29-5129E100636B}"
	ProjectSection(ProjectDependencies) = postProject
		{57BBBA4C-1FBC-420B-BDF1-3712F8C4B420} = {57BBBA4C-1FBC-420B-BDF1-3712F8C4B420}
		{F2A0A60E-9FCD-4D2F-89CA-4CE7A46C685D} = {F2A0A60E-9FCD-4D2F-89CA-4CE7A46C685D}
	EndProjectSection
EndProject
Global
	GlobalSection(SolutionConfigurationPlatforms) = preSolution
		Debug|Any CPU = Debug|Any CPU
		Release|Any CPU = Release|Any CPU
	EndGlobalSection
	GlobalSection(ProjectConfigurationPlatforms) = postSolution
		{ED43CA74-9004-4D55-B499-40E4F8979EFC}.Debug|Any CPU.ActiveCfg = Debug|Any CPU
		{ED43CA74-9004-4D55-B499-40E4F8979EFC}.Debug|Any CPU.Build.0 = Debug|Any CPU
		{ED43CA74-9004-4D55-B499-40E4F8979EFC}.Release|Any CPU.ActiveCfg = Release|Any CPU
		{ED43CA74-9004-4D55-B499-40E4F8979EFC}.Release|Any CPU.Build.0 = Release|Any CPU
		{F2A0A60E-9FCD-4D2F-89CA-4CE7A46C685D}.Debug|Any CPU.ActiveCfg = Debug|Any CPU
		{F2A0A60E-9FCD-4D2F-89CA-4CE7A46C685D}.Debug|Any CPU.Build.0 = Debug|Any CPU
		{F2A0A60E-9FCD-4D2F-89CA-4CE7A46C685D}.Release|Any CPU.ActiveCfg = Release|Any CPU
		{F2A0A60E-9FCD-4D2F-89CA-4CE7A46C685D}.Release|Any CPU.Build.0 = Release|Any CPU
		{57BBBA4C-1FBC-420B-BDF1-3712F8C4B420}.Debug|Any CPU.ActiveCfg = Debug|Any CPU
		{57BBBA4C-1FBC-420B-BDF1-3712F8C4B420}.Debug|Any CPU.Build.0 = Debug|Any CPU
		{57BBBA4C-1FBC-420B-BDF1-3712F8C4B420}.Release|Any CPU.ActiveCfg = Release|Any CPU
		{57BBBA4C-1FBC-420B-BDF1-3712F8C4B420}.Release|Any CPU.Build.0 = Release|Any CPU
		{971C6BE5-31A5-4424-BE29-5129E100636B}.Debug|Any CPU.ActiveCfg = Debug|Any CPU
		{971C6BE5-31A5-4424-BE29-5129E100636B}.Debug|Any CPU.Build.0 = Debug|Any CPU
		{971C6BE5-31A5-4424-BE29-5129E100636B}.Release|Any CPU.ActiveCfg = Release|Any CPU
		{971C6BE5-31A5-4424-BE29-5129E100636B}.Release|Any CPU.Build.0 = Release|Any CPU
	EndGlobalSection
	GlobalSection(SolutionProperties) = preSolution
		HideSolutionNode = FALSE
	EndGlobalSection
	GlobalSection(ExtensibilityGlobals) = postSolution
		SolutionGuid = {E5C2C743-4F52-48EB-98B4-D1A26598FDFB}
	EndGlobalSection
EndGlobal
